{
  "object": {
    "pins": [
      {
        "package": "GCDWebServer",
        "repositoryURL": "https://github.com/alextud/GCDWebServer",
        "state": {
          "branch": "swift-package-manager",
          "revision": "bc58c7f8358c90542e9195840a89405d7bf4a24e",
          "version": null
        }
      }
    ]
  },
  "version": 1
}
